
Microsoft Visual Studio Solution File, Format Version 12.00
# Visual Studio Version 17
VisualStudioVersion = 17.5.33502.453
MinimumVisualStudioVersion = 10.0.40219.1
Project("{2150E333-8FDC-42A3-9474-1A3956D46DE8}") = "tests", "tests", "{092D2DC0-7EAA-4344-A899-F77B1A48281B}"
EndProject
Project("{2150E333-8FDC-42A3-9474-1A3956D46DE8}") = "src", "src", "{FB8E9B87-A27A-4AB8-BED7-5EF203AC46A2}"
EndProject
Project("{9A19103F-16F7-4668-BE54-9A1E7A4F7556}") = "App", "src\App\App.csproj", "{EF9ED23A-4D69-45CA-8747-7A96F064A230}"
EndProject
Project("{9A19103F-16F7-4668-BE54-9A1E7A4F7556}") = "AppTests", "tests\AppTests\AppTests.csproj", "{E71CC4C9-42E3-4F21-8F89-F0D5F83A9BED}"
EndProject
Project("{9A19103F-16F7-4668-BE54-9A1E7A4F7556}") = "Class LibTests", "tests\Class LibTests\Class LibTests.csproj", "{A63939C2-C448-4E0E-B4E0-842985486AD4}"
EndProject
Project("{9A19103F-16F7-4668-BE54-9A1E7A4F7556}") = "TestBase", "tests\TestBase\TestBase.csproj", "{C0C68462-1A60-4B26-AAFA-8E0D6D7E5563}"
EndProject
Project("{2150E333-8FDC-42A3-9474-1A3956D46DE8}") = "Solution Items", "Solution Items", "{5F215C15-9819-4F0D-8BEF-EC7E9F8A98BC}"
	ProjectSection(SolutionItems) = preProject
		.editorconfig = .editorconfig
		.runsettings = .runsettings
		Directory.Build.props = Directory.Build.props
		README.md = README.md
	EndProjectSection
EndProject
Project("{9A19103F-16F7-4668-BE54-9A1E7A4F7556}") = "Class Lib", "src\Class Lib\Class Lib.csproj", "{2C4325D4-2660-4D1A-B260-71A792DCAC3F}"
EndProject
Global
	GlobalSection(SolutionConfigurationPlatforms) = preSolution
		Debug|Any CPU = Debug|Any CPU
		Release|Any CPU = Release|Any CPU
	EndGlobalSection
	GlobalSection(ProjectConfigurationPlatforms) = postSolution
		{EF9ED23A-4D69-45CA-8747-7A96F064A230}.Debug|Any CPU.ActiveCfg = Debug|Any CPU
		{EF9ED23A-4D69-45CA-8747-7A96F064A230}.Debug|Any CPU.Build.0 = Debug|Any CPU
		{EF9ED23A-4D69-45CA-8747-7A96F064A230}.Release|Any CPU.ActiveCfg = Release|Any CPU
		{EF9ED23A-4D69-45CA-8747-7A96F064A230}.Release|Any CPU.Build.0 = Release|Any CPU
		{E71CC4C9-42E3-4F21-8F89-F0D5F83A9BED}.Debug|Any CPU.ActiveCfg = Debug|Any CPU
		{E71CC4C9-42E3-4F21-8F89-F0D5F83A9BED}.Debug|Any CPU.Build.0 = Debug|Any CPU
		{E71CC4C9-42E3-4F21-8F89-F0D5F83A9BED}.Release|Any CPU.ActiveCfg = Release|Any CPU
		{E71CC4C9-42E3-4F21-8F89-F0D5F83A9BED}.Release|Any CPU.Build.0 = Release|Any CPU
		{A63939C2-C448-4E0E-B4E0-842985486AD4}.Debug|Any CPU.ActiveCfg = Debug|Any CPU
		{A63939C2-C448-4E0E-B4E0-842985486AD4}.Debug|Any CPU.Build.0 = Debug|Any CPU
		{A63939C2-C448-4E0E-B4E0-842985486AD4}.Release|Any CPU.ActiveCfg = Release|Any CPU
		{A63939C2-C448-4E0E-B4E0-842985486AD4}.Release|Any CPU.Build.0 = Release|Any CPU
		{C0C68462-1A60-4B26-AAFA-8E0D6D7E5563}.Debug|Any CPU.ActiveCfg = Debug|Any CPU
		{C0C68462-1A60-4B26-AAFA-8E0D6D7E5563}.Debug|Any CPU.Build.0 = Debug|Any CPU
		{C0C68462-1A60-4B26-AAFA-8E0D6D7E5563}.Release|Any CPU.ActiveCfg = Release|Any CPU
		{C0C68462-1A60-4B26-AAFA-8E0D6D7E5563}.Release|Any CPU.Build.0 = Release|Any CPU
		{2C4325D4-2660-4D1A-B260-71A792DCAC3F}.Debug|Any CPU.ActiveCfg = Debug|Any CPU
		{2C4325D4-2660-4D1A-B260-71A792DCAC3F}.Debug|Any CPU.Build.0 = Debug|Any CPU
		{2C4325D4-2660-4D1A-B260-71A792DCAC3F}.Release|Any CPU.ActiveCfg = Release|Any CPU
		{2C4325D4-2660-4D1A-B260-71A792DCAC3F}.Release|Any CPU.Build.0 = Release|Any CPU
	EndGlobalSection
	GlobalSection(SolutionProperties) = preSolution
		HideSolutionNode = FALSE
	EndGlobalSection
	GlobalSection(NestedProjects) = preSolution
		{EF9ED23A-4D69-45CA-8747-7A96F064A230} = {FB8E9B87-A27A-4AB8-BED7-5EF203AC46A2}
		{E71CC4C9-42E3-4F21-8F89-F0D5F83A9BED} = {092D2DC0-7EAA-4344-A899-F77B1A48281B}
		{A63939C2-C448-4E0E-B4E0-842985486AD4} = {092D2DC0-7EAA-4344-A899-F77B1A48281B}
		{C0C68462-1A60-4B26-AAFA-8E0D6D7E5563} = {092D2DC0-7EAA-4344-A899-F77B1A48281B}
		{2C4325D4-2660-4D1A-B260-71A792DCAC3F} = {FB8E9B87-A27A-4AB8-BED7-5EF203AC46A2}
	EndGlobalSection
	GlobalSection(ExtensibilityGlobals) = postSolution
		SolutionGuid = {514A53D6-FE22-4AAE-9B87-DD6E28AD18C8}
	EndGlobalSection
EndGlobal
